
Microsoft Visual Studio Solution File, Format Version 12.00
# Visual Studio Version 16
VisualStudioVersion = 16.0.30907.101
MinimumVisualStudioVersion = 10.0.40219.1
Project("{FAE04EC0-301F-11D3-BF4B-00C04F79EFBC}") = "ArrayReverse", "ArrayReverse\ArrayReverse.csproj", "{CD794BB4-0E70-40DA-93D4-21C14C0AEC90}"
EndProject
Global
	GlobalSection(SolutionConfigurationPlatforms) = preSolution
		Debug|Any CPU = Debug|Any CPU
		Release|Any CPU = Release|Any CPU
	EndGlobalSection
	GlobalSection(ProjectConfigurationPlatforms) = postSolution
		{CD794BB4-0E70-40DA-93D4-21C14C0AEC90}.Debug|Any CPU.ActiveCfg = Debug|Any CPU
		{CD794BB4-0E70-40DA-93D4-21C14C0AEC90}.Debug|Any CPU.Build.0 = Debug|Any CPU
		{CD794BB4-0E70-40DA-93D4-21C14C0AEC90}.Release|Any CPU.ActiveCfg = Release|Any CPU
		{CD794BB4-0E70-40DA-93D4-21C14C0AEC90}.Release|Any CPU.Build.0 = Release|Any CPU
	EndGlobalSection
	GlobalSection(SolutionProperties) = preSolution
		HideSolutionNode = FALSE
	EndGlobalSection
	GlobalSection(ExtensibilityGlobals) = postSolution
		SolutionGuid = {4D0E7899-23A0-46D5-B6DB-72086F036BB4}
	EndGlobalSection
EndGlobal
