
Microsoft Visual Studio Solution File, Format Version 12.00
# Visual Studio Version 16
VisualStudioVersion = 16.0.30907.101
MinimumVisualStudioVersion = 10.0.40219.1
Project("{FAE04EC0-301F-11D3-BF4B-00C04F79EFBC}") = "BinarySearch", "BinarySearch\BinarySearch.csproj", "{DA07F55D-9F92-4C92-BAAE-F7DE365E3B8E}"
EndProject
Global
	GlobalSection(SolutionConfigurationPlatforms) = preSolution
		Debug|Any CPU = Debug|Any CPU
		Release|Any CPU = Release|Any CPU
	EndGlobalSection
	GlobalSection(ProjectConfigurationPlatforms) = postSolution
		{DA07F55D-9F92-4C92-BAAE-F7DE365E3B8E}.Debug|Any CPU.ActiveCfg = Debug|Any CPU
		{DA07F55D-9F92-4C92-BAAE-F7DE365E3B8E}.Debug|Any CPU.Build.0 = Debug|Any CPU
		{DA07F55D-9F92-4C92-BAAE-F7DE365E3B8E}.Release|Any CPU.ActiveCfg = Release|Any CPU
		{DA07F55D-9F92-4C92-BAAE-F7DE365E3B8E}.Release|Any CPU.Build.0 = Release|Any CPU
	EndGlobalSection
	GlobalSection(SolutionProperties) = preSolution
		HideSolutionNode = FALSE
	EndGlobalSection
	GlobalSection(ExtensibilityGlobals) = postSolution
		SolutionGuid = {CA684268-2C0D-41C6-A49A-94F42C96735C}
	EndGlobalSection
EndGlobal
