
Microsoft Visual Studio Solution File, Format Version 12.00
# Visual Studio Version 16
VisualStudioVersion = 16.0.30907.101
MinimumVisualStudioVersion = 10.0.40219.1
Project("{9A19103F-16F7-4668-BE54-9A1E7A4F7556}") = "LinkedList", "LinkedList\LinkedList.csproj", "{FF8A4D14-9886-4475-B219-75D1C2F65B99}"
EndProject
Project("{FAE04EC0-301F-11D3-BF4B-00C04F79EFBC}") = "LinkedListTests", "LinkedListTests\LinkedListTests.csproj", "{7BBE3E09-8108-4403-ABED-2080B3C19027}"
EndProject
Global
	GlobalSection(SolutionConfigurationPlatforms) = preSolution
		Debug|Any CPU = Debug|Any CPU
		Release|Any CPU = Release|Any CPU
	EndGlobalSection
	GlobalSection(ProjectConfigurationPlatforms) = postSolution
		{FF8A4D14-9886-4475-B219-75D1C2F65B99}.Debug|Any CPU.ActiveCfg = Debug|Any CPU
		{FF8A4D14-9886-4475-B219-75D1C2F65B99}.Debug|Any CPU.Build.0 = Debug|Any CPU
		{FF8A4D14-9886-4475-B219-75D1C2F65B99}.Release|Any CPU.ActiveCfg = Release|Any CPU
		{FF8A4D14-9886-4475-B219-75D1C2F65B99}.Release|Any CPU.Build.0 = Release|Any CPU
		{7BBE3E09-8108-4403-ABED-2080B3C19027}.Debug|Any CPU.ActiveCfg = Debug|Any CPU
		{7BBE3E09-8108-4403-ABED-2080B3C19027}.Debug|Any CPU.Build.0 = Debug|Any CPU
		{7BBE3E09-8108-4403-ABED-2080B3C19027}.Release|Any CPU.ActiveCfg = Release|Any CPU
		{7BBE3E09-8108-4403-ABED-2080B3C19027}.Release|Any CPU.Build.0 = Release|Any CPU
	EndGlobalSection
	GlobalSection(SolutionProperties) = preSolution
		HideSolutionNode = FALSE
	EndGlobalSection
	GlobalSection(ExtensibilityGlobals) = postSolution
		SolutionGuid = {19D03ECA-4963-499C-AD8A-B77817036CFB}
	EndGlobalSection
EndGlobal
